
Microsoft Visual Studio Solution File, Format Version 12.00
# Visual Studio 15
Project("{FAE04EC0-301F-11D3-BF4B-00C04F79EFBC}") = "Unity C# Course", "Assembly-CSharp.csproj", "{24608FAD-B43B-4AE1-7697-3757612C8C86}"
EndProject
Global
	GlobalSection(SolutionConfigurationPlatforms) = preSolution
		Debug|Any CPU = Debug|Any CPU
		Release|Any CPU = Release|Any CPU
	EndGlobalSection
	GlobalSection(ProjectConfigurationPlatforms) = postSolution
		{24608FAD-B43B-4AE1-7697-3757612C8C86}.Debug|Any CPU.ActiveCfg = Debug|Any CPU
		{24608FAD-B43B-4AE1-7697-3757612C8C86}.Debug|Any CPU.Build.0 = Debug|Any CPU
		{24608FAD-B43B-4AE1-7697-3757612C8C86}.Release|Any CPU.ActiveCfg = Release|Any CPU
		{24608FAD-B43B-4AE1-7697-3757612C8C86}.Release|Any CPU.Build.0 = Release|Any CPU
	EndGlobalSection
	GlobalSection(SolutionProperties) = preSolution
		HideSolutionNode = FALSE
	EndGlobalSection
EndGlobal
